// !$*UTF8*$!
{
	archiveVersion = 1;
	classes = {
	};
	objectVersion = 46;
	objects = {

/* Begin PBXBuildFile section */
		DB4DAD791C04518B00E7FACA /* main.m in Sources */ = {isa = PBXBuildFile; fileRef = DB4DAD781C04518B00E7FACA /* main.m */; };
		DB4DAD7C1C04518B00E7FACA /* AppDelegate.m in Sources */ = {isa = PBXBuildFile; fileRef = DB4DAD7B1C04518B00E7FACA /* AppDelegate.m */; };
		DB4DAD7F1C04518B00E7FACA /* ViewController.m in Sources */ = {isa = PBXBuildFile; fileRef = DB4DAD7E1C04518B00E7FACA /* ViewController.m */; };
		DB4DAD821C04518B00E7FACA /* Main.storyboard in Resources */ = {isa = PBXBuildFile; fileRef = DB4DAD801C04518B00E7FACA /* Main.storyboard */; };
		DB4DAD841C04518B00E7FACA /* Assets.xcassets in Resources */ = {isa = PBXBuildFile; fileRef = DB4DAD831C04518B00E7FACA /* Assets.xcassets */; };
		DB4DAD871C04518B00E7FACA /* LaunchScreen.storyboard in Resources */ = {isa = PBXBuildFile; fileRef = DB4DAD851C04518B00E7FACA /* LaunchScreen.storyboard */; };
/* End PBXBuildFile section */

/* Begin PBXFileReference section */
		DB4DAD741C04518B00E7FACA /* json.app */ = {isa = PBXFileReference; explicitFileType = wrapper.application; includeInIndex = 0; path = json.app; sourceTree = BUILT_PRODUCTS_DIR; };
		DB4DAD781C04518B00E7FACA /* main.m */ = {isa = PBXFileReference; lastKnownFileType = sourcecode.c.objc; path = main.m; sourceTree = "<group>"; };
		DB4DAD7A1C04518B00E7FACA /* AppDelegate.h */ = {isa = PBXFileReference; lastKnownFileType = sourcecode.c.h; path = AppDelegate.h; sourceTree = "<group>"; };
		DB4DAD7B1C04518B00E7FACA /* AppDelegate.m */ = {isa = PBXFileReference; lastKnownFileType = sourcecode.c.objc; path = AppDelegate.m; sourceTree = "<group>"; };
		DB4DAD7D1C04518B00E7FACA /* ViewController.h */ = {isa = PBXFileReference; lastKnownFileType = sourcecode.c.h; path = ViewController.h; sourceTree = "<group>"; };
		DB4DAD7E1C04518B00E7FACA /* ViewController.m */ = {isa = PBXFileReference; lastKnownFileType = sourcecode.c.objc; path = ViewController.m; sourceTree = "<group>"; };
		DB4DAD811C04518B00E7FACA /* Base */ = {isa = PBXFileReference; lastKnownFileType = file.storyboard; name = Base; path = Base.lproj/Main.storyboard; sourceTree = "<group>"; };
		DB4DAD831C04518B00E7FACA /* Assets.xcassets */ = {isa = PBXFileReference; lastKnownFileType = folder.assetcatalog; path = Assets.xcassets; sourceTree = "<group>"; };
		DB4DAD861C04518B00E7FACA /* Base */ = {isa = PBXFileReference; lastKnownFileType = file.storyboard; name = Base; path = Base.lproj/LaunchScreen.storyboard; sourceTree = "<group>"; };
		DB4DAD881C04518B00E7FACA /* Info.plist */ = {isa = PBXFileReference; lastKnownFileType = text.plist.xml; path = Info.plist; sourceTree = "<group>"; };
/* End PBXFileReference section */

/* Begin PBXFrameworksBuildPhase section */
		DB4DAD711C04518B00E7FACA /* Frameworks */ = {
			isa = PBXFrameworksBuildPhase;
			buildActionMask = 2147483647;
			files = (
			);
			runOnlyForDeploymentPostprocessing = 0;
		};
/* End PBXFrameworksBuildPhase section */

/* Begin PBXGroup section */
		DB4DAD6B1C04518B00E7FACA = {
			isa = PBXGroup;
			children = (
				DB4DAD761C04518B00E7FACA /* json */,
				DB4DAD751C04518B00E7FACA /* Products */,
			);
			sourceTree = "<group>";
		};
		DB4DAD751C04518B00E7FACA /* Products */ = {
			isa = PBXGroup;
			children = (
				DB4DAD741C04518B00E7FACA /* json.app */,
			);
			name = Products;
			sourceTree = "<group>";
		};
		DB4DAD761C04518B00E7FACA /* json */ = {
			isa = PBXGroup;
			children = (
				DB4DAD7A1C04518B00E7FACA /* AppDelegate.h */,
				DB4DAD7B1C04518B00E7FACA /* AppDelegate.m */,
				DB4DAD7D1C04518B00E7FACA /* ViewController.h */,
				DB4DAD7E1C04518B00E7FACA /* ViewController.m */,
				DB4DAD801C04518B00E7FACA /* Main.storyboard */,
				DB4DAD831C04518B00E7FACA /* Assets.xcassets */,
				DB4DAD851C04518B00E7FACA /* LaunchScreen.storyboard */,
				DB4DAD881C04518B00E7FACA /* Info.plist */,
				DB4DAD771C04518B00E7FACA /* Supporting Files */,
			);
			path = json;
			sourceTree = "<group>";
		};
		DB4DAD771C04518B00E7FACA /* Supporting Files */ = {
			isa = PBXGroup;
			children = (
				DB4DAD781C04518B00E7FACA /* main.m */,
			);
			name = "Supporting Files";
			sourceTree = "<group>";
		};
/* End PBXGroup section */

/* Begin PBXNativeTarget section */
		DB4DAD731C04518B00E7FACA /* json */ = {
			isa = PBXNativeTarget;
			buildConfigurationList = DB4DAD8B1C04518B00E7FACA /* Build configuration list for PBXNativeTarget "json" */;
			buildPhases = (
				DB4DAD701C04518B00E7FACA /* Sources */,
				DB4DAD711C04518B00E7FACA /* Frameworks */,
				DB4DAD721C04518B00E7FACA /* Resources */,
			);
			buildRules = (
			);
			dependencies = (
			);
			name = json;
			productName = json;
			productReference = DB4DAD741C04518B00E7FACA /* json.app */;
			productType = "com.apple.product-type.application";
		};
/* End PBXNativeTarget section */

/* Begin PBXProject section */
		DB4DAD6C1C04518B00E7FACA /* Project object */ = {
			isa = PBXProject;
			attributes = {
				LastUpgradeCheck = 0710;
				ORGANIZATIONNAME = Aragon;
				TargetAttributes = {
					DB4DAD731C04518B00E7FACA = {
						CreatedOnToolsVersion = 7.1.1;
						DevelopmentTeam = FL4K65462C;
					};
				};
			};
			buildConfigurationList = DB4DAD6F1C04518B00E7FACA /* Build configuration list for PBXProject "json" */;
			compatibilityVersion = "Xcode 3.2";
			developmentRegion = English;
			hasScannedForEncodings = 0;
			knownRegions = (
				en,
				Base,
			);
			mainGroup = DB4DAD6B1C04518B00E7FACA;
			productRefGroup = DB4DAD751C04518B00E7FACA /* Products */;
			projectDirPath = "";
			projectRoot = "";
			targets = (
				DB4DAD731C04518B00E7FACA /* json */,
			);
		};
/* End PBXProject section */

/* Begin PBXResourcesBuildPhase section */
		DB4DAD721C04518B00E7FACA /* Resources */ = {
			isa = PBXResourcesBuildPhase;
			buildActionMask = 2147483647;
			files = (
				DB4DAD871C04518B00E7FACA /* LaunchScreen.storyboard in Resources */,
				DB4DAD841C04518B00E7FACA /* Assets.xcassets in Resources */,
				DB4DAD821C04518B00E7FACA /* Main.storyboard in Resources */,
			);
			runOnlyForDeploymentPostprocessing = 0;
		};
/* End PBXResourcesBuildPhase section */

/* Begin PBXSourcesBuildPhase section */
		DB4DAD701C04518B00E7FACA /* Sources */ = {
			isa = PBXSourcesBuildPhase;
			buildActionMask = 2147483647;
			files = (
				DB4DAD7F1C04518B00E7FACA /* ViewController.m in Sources */,
				DB4DAD7C1C04518B00E7FACA /* AppDelegate.m in Sources */,
				DB4DAD791C04518B00E7FACA /* main.m in Sources */,
			);
			runOnlyForDeploymentPostprocessing = 0;
		};
/* End PBXSourcesBuildPhase section */

/* Begin PBXVariantGroup section */
		DB4DAD801C04518B00E7FACA /* Main.storyboard */ = {
			isa = PBXVariantGroup;
			children = (
				DB4DAD811C04518B00E7FACA /* Base */,
			);
			name = Main.storyboard;
			sourceTree = "<group>";
		};
		DB4DAD851C04518B00E7FACA /* LaunchScreen.storyboard */ = {
			isa = PBXVariantGroup;
			children = (
				DB4DAD861C04518B00E7FACA /* Base */,
			);
			name = LaunchScreen.storyboard;
			sourceTree = "<group>";
		};
/* End PBXVariantGroup section */

/* Begin XCBuildConfiguration section */
		DB4DAD891C04518B00E7FACA /* Debug */ = {
			isa = XCBuildConfiguration;
			buildSettings = {
				ALWAYS_SEARCH_USER_PATHS = NO;
				CLANG_CXX_LANGUAGE_STANDARD = "gnu++0x";
				CLANG_CXX_LIBRARY = "libc++";
				CLANG_ENABLE_MODULES = YES;
				CLANG_ENABLE_OBJC_ARC = YES;
				CLANG_WARN_BOOL_CONVERSION = YES;
				CLANG_WARN_CONSTANT_CONVERSION = YES;
				CLANG_WARN_DIRECT_OBJC_ISA_USAGE = YES_ERROR;
				CLANG_WARN_EMPTY_BODY = YES;
				CLANG_WARN_ENUM_CONVERSION = YES;
				CLANG_WARN_INT_CONVERSION = YES;
				CLANG_WARN_OBJC_ROOT_CLASS = YES_ERROR;
				CLANG_WARN_UNREACHABLE_CODE = YES;
				CLANG_WARN__DUPLICATE_METHOD_MATCH = YES;
				"CODE_SIGN_IDENTITY[sdk=iphoneos*]" = "iPhone Developer";
				COPY_PHASE_STRIP = NO;
				DEBUG_INFORMATION_FORMAT = dwarf;
				ENABLE_STRICT_OBJC_MSGSEND = YES;
				ENABLE_TESTABILITY = YES;
				GCC_C_LANGUAGE_STANDARD = gnu99;
				GCC_DYNAMIC_NO_PIC = NO;
				GCC_NO_COMMON_BLOCKS = YES;
				GCC_OPTIMIZATION_LEVEL = 0;
				GCC_PREPROCESSOR_DEFINITIONS = (
					"DEBUG=1",
					"$(inherited)",
				);
				GCC_WARN_64_TO_32_BIT_CONVERSION = YES;
				GCC_WARN_ABOUT_RETURN_TYPE = YES_ERROR;
				GCC_WARN_UNDECLARED_SELECTOR = YES;
				GCC_WARN_UNINITIALIZED_AUTOS = YES_AGGRESSIVE;
				GCC_WARN_UNUSED_FUNCTION = YES;
				GCC_WARN_UNUSED_VARIABLE = YES;
				IPHONEOS_DEPLOYMENT_TARGET = 9.1;
				MTL_ENABLE_DEBUG_INFO = YES;
				ONLY_ACTIVE_ARCH = YES;
				SDKROOT = iphoneos;
			};
			name = Debug;
		};
		DB4DAD8A1C04518B00E7FACA /* Release */ = {
			isa = XCBuildConfiguration;
			buildSettings = {
				ALWAYS_SEARCH_USER_PATHS = NO;
				CLANG_CXX_LANGUAGE_STANDARD = "gnu++0x";
				CLANG_CXX_LIBRARY = "libc++";
				CLANG_ENABLE_MODULES = YES;
				CLANG_ENABLE_OBJC_ARC = YES;
				CLANG_WARN_BOOL_CONVERSION = YES;
				CLANG_WARN_CONSTANT_CONVERSION = YES;
				CLANG_WARN_DIRECT_OBJC_ISA_USAGE = YES_ERROR;
				CLANG_WARN_EMPTY_BODY = YES;
				CLANG_WARN_ENUM_CONVERSION = YES;
				CLANG_WARN_INT_CONVERSION = YES;
				CLANG_WARN_OBJC_ROOT_CLASS = YES_ERROR;
				CLANG_WARN_UNREACHABLE_CODE = YES;
				CLANG_WARN__DUPLICATE_METHOD_MATCH = YES;
				"CODE_SIGN_IDENTITY[sdk=iphoneos*]" = "iPhone Developer";
				COPY_PHASE_STRIP = NO;
				DEBUG_INFORMATION_FORMAT = "dwarf-with-dsym";
				ENABLE_NS_ASSERTIONS = NO;
				ENABLE_STRICT_OBJC_MSGSEND = YES;
				GCC_C_LANGUAGE_STANDARD = gnu99;
				GCC_NO_COMMON_BLOCKS = YES;
				GCC_WARN_64_TO_32_BIT_CONVERSION = YES;
				GCC_WARN_ABOUT_RETURN_TYPE = YES_ERROR;
				GCC_WARN_UNDECLARED_SELECTOR = YES;
				GCC_WARN_UNINITIALIZED_AUTOS = YES_AGGRESSIVE;
				GCC_WARN_UNUSED_FUNCTION = YES;
				GCC_WARN_UNUSED_VARIABLE = YES;
				IPHONEOS_DEPLOYMENT_TARGET = 9.1;
				MTL_ENABLE_DEBUG_INFO = NO;
				SDKROOT = iphoneos;
				VALIDATE_PRODUCT = YES;
			};
			name = Release;
		};
		DB4DAD8C1C04518B00E7FACA /* Debug */ = {
			isa = XCBuildConfiguration;
			buildSettings = {
				ASSETCATALOG_COMPILER_APPICON_NAME = AppIcon;
				INFOPLIST_FILE = json/Info.plist;
				LD_RUNPATH_SEARCH_PATHS = "$(inherited) @executable_path/Frameworks";
				PRODUCT_BUNDLE_IDENTIFIER = Aragon.json;
				PRODUCT_NAME = "$(TARGET_NAME)";
			};
			name = Debug;
		};
		DB4DAD8D1C04518B00E7FACA /* Release */ = {
			isa = XCBuildConfiguration;
			buildSettings = {
				ASSETCATALOG_COMPILER_APPICON_NAME = AppIcon;
				INFOPLIST_FILE = json/Info.plist;
				LD_RUNPATH_SEARCH_PATHS = "$(inherited) @executable_path/Frameworks";
				PRODUCT_BUNDLE_IDENTIFIER = Aragon.json;
				PRODUCT_NAME = "$(TARGET_NAME)";
			};
			name = Release;
		};
/* End XCBuildConfiguration section */

/* Begin XCConfigurationList section */
		DB4DAD6F1C04518B00E7FACA /* Build configuration list for PBXProject "json" */ = {
			isa = XCConfigurationList;
			buildConfigurations = (
				DB4DAD891C04518B00E7FACA /* Debug */,
				DB4DAD8A1C04518B00E7FACA /* Release */,
			);
			defaultConfigurationIsVisible = 0;
			defaultConfigurationName = Release;
		};
		DB4DAD8B1C04518B00E7FACA /* Build configuration list for PBXNativeTarget "json" */ = {
			isa = XCConfigurationList;
			buildConfigurations = (
				DB4DAD8C1C04518B00E7FACA /* Debug */,
				DB4DAD8D1C04518B00E7FACA /* Release */,
			);
			defaultConfigurationIsVisible = 0;
		};
/* End XCConfigurationList section */
	};
	rootObject = DB4DAD6C1C04518B00E7FACA /* Project object */;
}
